{
  "name": "NetView",
  "lockfileVersion": 2,
  "requires": true,
  "packages": {
    "": {
      "dependencies": {
        "@stripe/stripe-js": "^1.42.1"
      }
    },
    "node_modules/@stripe/stripe-js": {
      "version": "1.42.1",
      "resolved": "https://registry.npmjs.org/@stripe/stripe-js/-/stripe-js-1.42.1.tgz",
      "integrity": "sha512-5H7P7rVNDMdiJCUKsKXRUyr6IjZ4/9f8FB62NCa5O4rDftRfs4u2dPjjHs/tIs4OLeBB6oSzJIkE7cPr4ykPHg=="
    }
  },
  "dependencies": {
    "@stripe/stripe-js": {
      "version": "1.42.1",
      "resolved": "https://registry.npmjs.org/@stripe/stripe-js/-/stripe-js-1.42.1.tgz",
      "integrity": "sha512-5H7P7rVNDMdiJCUKsKXRUyr6IjZ4/9f8FB62NCa5O4rDftRfs4u2dPjjHs/tIs4OLeBB6oSzJIkE7cPr4ykPHg=="
    }
  }
}
